
Microsoft Visual Studio Solution File, Format Version 12.00
# Visual Studio Version 17
VisualStudioVersion = 17.6.33829.357
MinimumVisualStudioVersion = 10.0.40219.1
Project("{FAE04EC0-301F-11D3-BF4B-00C04F79EFBC}") = "MyBankWinFormsApp", "MyBankWinFormsApp\MyBankWinFormsApp.csproj", "{99708B5E-609C-4734-ADE3-328F9044785B}"
EndProject
Project("{FAE04EC0-301F-11D3-BF4B-00C04F79EFBC}") = "MyBankApp.Core", "NewBankApp.Core\MyBankApp.Core.csproj", "{CC4ABC94-A51E-44D8-9AA9-031152F1FA8E}"
EndProject
Project("{FAE04EC0-301F-11D3-BF4B-00C04F79EFBC}") = "MyBankApp.Repository", "MyBankApp.Repository\MyBankApp.Repository.csproj", "{5862C561-61E9-4798-B5F2-6633BB80EBC1}"
EndProject
Project("{FAE04EC0-301F-11D3-BF4B-00C04F79EFBC}") = "MyBankApp.Models", "MyBankApp.Models\MyBankApp.Models.csproj", "{A49820F0-3E4F-4A51-AC20-E1C9554E185C}"
EndProject
Project("{FAE04EC0-301F-11D3-BF4B-00C04F79EFBC}") = "MyBankApp.Utility", "MyBankApp.Utility\MyBankApp.Utility.csproj", "{D748A560-52B5-4EF7-AB9C-412F30C7F71A}"
EndProject
Global
	GlobalSection(SolutionConfigurationPlatforms) = preSolution
		Debug|Any CPU = Debug|Any CPU
		Release|Any CPU = Release|Any CPU
	EndGlobalSection
	GlobalSection(ProjectConfigurationPlatforms) = postSolution
		{99708B5E-609C-4734-ADE3-328F9044785B}.Debug|Any CPU.ActiveCfg = Debug|Any CPU
		{99708B5E-609C-4734-ADE3-328F9044785B}.Debug|Any CPU.Build.0 = Debug|Any CPU
		{99708B5E-609C-4734-ADE3-328F9044785B}.Release|Any CPU.ActiveCfg = Release|Any CPU
		{99708B5E-609C-4734-ADE3-328F9044785B}.Release|Any CPU.Build.0 = Release|Any CPU
		{CC4ABC94-A51E-44D8-9AA9-031152F1FA8E}.Debug|Any CPU.ActiveCfg = Debug|Any CPU
		{CC4ABC94-A51E-44D8-9AA9-031152F1FA8E}.Debug|Any CPU.Build.0 = Debug|Any CPU
		{CC4ABC94-A51E-44D8-9AA9-031152F1FA8E}.Release|Any CPU.ActiveCfg = Release|Any CPU
		{CC4ABC94-A51E-44D8-9AA9-031152F1FA8E}.Release|Any CPU.Build.0 = Release|Any CPU
		{5862C561-61E9-4798-B5F2-6633BB80EBC1}.Debug|Any CPU.ActiveCfg = Debug|Any CPU
		{5862C561-61E9-4798-B5F2-6633BB80EBC1}.Debug|Any CPU.Build.0 = Debug|Any CPU
		{5862C561-61E9-4798-B5F2-6633BB80EBC1}.Release|Any CPU.ActiveCfg = Release|Any CPU
		{5862C561-61E9-4798-B5F2-6633BB80EBC1}.Release|Any CPU.Build.0 = Release|Any CPU
		{A49820F0-3E4F-4A51-AC20-E1C9554E185C}.Debug|Any CPU.ActiveCfg = Debug|Any CPU
		{A49820F0-3E4F-4A51-AC20-E1C9554E185C}.Debug|Any CPU.Build.0 = Debug|Any CPU
		{A49820F0-3E4F-4A51-AC20-E1C9554E185C}.Release|Any CPU.ActiveCfg = Release|Any CPU
		{A49820F0-3E4F-4A51-AC20-E1C9554E185C}.Release|Any CPU.Build.0 = Release|Any CPU
		{D748A560-52B5-4EF7-AB9C-412F30C7F71A}.Debug|Any CPU.ActiveCfg = Debug|Any CPU
		{D748A560-52B5-4EF7-AB9C-412F30C7F71A}.Debug|Any CPU.Build.0 = Debug|Any CPU
		{D748A560-52B5-4EF7-AB9C-412F30C7F71A}.Release|Any CPU.ActiveCfg = Release|Any CPU
		{D748A560-52B5-4EF7-AB9C-412F30C7F71A}.Release|Any CPU.Build.0 = Release|Any CPU
	EndGlobalSection
	GlobalSection(SolutionProperties) = preSolution
		HideSolutionNode = FALSE
	EndGlobalSection
	GlobalSection(ExtensibilityGlobals) = postSolution
		SolutionGuid = {9DB2D858-73F0-41DB-8AFC-7D82C7012861}
	EndGlobalSection
EndGlobal
